<?xml version="1.0" encoding="utf-8"?>
<Project ToolsVersion="4.0" xmlns="http://schemas.microsoft.com/developer/msbuild/2003">
  <ItemGroup>
    <Filter Include="Kaybe">
      <UniqueIdentifier>{716E830D-DD82-ABBE-A604-4F1E12D8A7EF}</UniqueIdentifier>
    </Filter>
  </ItemGroup>
  <ItemGroup>
    <ClInclude Include="src\Kaybe.h" />
    <ClInclude Include="src\Kaybe\Application.h">
      <Filter>Kaybe</Filter>
    </ClInclude>
    <ClInclude Include="src\Kaybe\Core.h">
      <Filter>Kaybe</Filter>
    </ClInclude>
    <ClInclude Include="src\Kaybe\EntryPoint.h">
      <Filter>Kaybe</Filter>
    </ClInclude>
    <ClInclude Include="src\Kaybe\Log.h">
      <Filter>Kaybe</Filter>
    </ClInclude>
  </ItemGroup>
  <ItemGroup>
    <ClCompile Include="src\Kaybe\Application.cpp">
      <Filter>Kaybe</Filter>
    </ClCompile>
    <ClCompile Include="src\Kaybe\Log.cpp">
      <Filter>Kaybe</Filter>
    </ClCompile>
  </ItemGroup>
</Project>